
Microsoft Visual Studio Solution File, Format Version 12.00
# Visual Studio Version 17
VisualStudioVersion = 17.13.35825.156 d17.13
MinimumVisualStudioVersion = 10.0.40219.1
Project("{FAE04EC0-301F-11D3-BF4B-00C04F79EFBC}") = "Student and LibraryCard", "Student and LibraryCard.csproj", "{F5ED6E62-3AD4-4AF6-8100-76390F286684}"
EndProject
Global
	GlobalSection(SolutionConfigurationPlatforms) = preSolution
		Debug|Any CPU = Debug|Any CPU
		Release|Any CPU = Release|Any CPU
	EndGlobalSection
	GlobalSection(ProjectConfigurationPlatforms) = postSolution
		{F5ED6E62-3AD4-4AF6-8100-76390F286684}.Debug|Any CPU.ActiveCfg = Debug|Any CPU
		{F5ED6E62-3AD4-4AF6-8100-76390F286684}.Debug|Any CPU.Build.0 = Debug|Any CPU
		{F5ED6E62-3AD4-4AF6-8100-76390F286684}.Release|Any CPU.ActiveCfg = Release|Any CPU
		{F5ED6E62-3AD4-4AF6-8100-76390F286684}.Release|Any CPU.Build.0 = Release|Any CPU
	EndGlobalSection
	GlobalSection(SolutionProperties) = preSolution
		HideSolutionNode = FALSE
	EndGlobalSection
	GlobalSection(ExtensibilityGlobals) = postSolution
		SolutionGuid = {E1FEDB82-0475-455C-95E5-16193E1A6D1A}
	EndGlobalSection
EndGlobal
